{
  "name": "aiharmony",
  "version": "1.0.0",
  "lockfileVersion": 1,
  "requires": true,
  "dependencies": {
    "logrocket": {
      "version": "1.0.6",
      "resolved": "https://registry.npmjs.org/logrocket/-/logrocket-1.0.6.tgz",
      "integrity": "sha512-uIi0F+s44AtuJocUAW019SYKsPnnV/IB3IRsL0LFYY4fAfjGQjpcpxXt80yPpkBQkoHW1h5wHYoixs8ZU1MPZg=="
    }
  }
}
